
Microsoft Visual Studio Solution File, Format Version 12.00
# Visual Studio 14
VisualStudioVersion = 14.0.25420.1
MinimumVisualStudioVersion = 10.0.40219.1
Project("{FAE04EC0-301F-11D3-BF4B-00C04F79EFBC}") = "Question1", "Question1\Question1.csproj", "{677F8A43-0881-4DFD-8CE1-8591B88758A8}"
EndProject
Project("{FAE04EC0-301F-11D3-BF4B-00C04F79EFBC}") = "Data", "Data\Data.csproj", "{88F1A4EA-A389-46D4-9428-FA85247B27F3}"
EndProject
Project("{FAE04EC0-301F-11D3-BF4B-00C04F79EFBC}") = "Question2", "Question2\Question2.csproj", "{2F28EE64-40C1-40CD-81B2-9FB1F8D85AE6}"
EndProject
Project("{FAE04EC0-301F-11D3-BF4B-00C04F79EFBC}") = "Question7", "Question7\Question7.csproj", "{F2E5B928-9829-47EA-9AEF-33BB2D25365B}"
EndProject
Project("{FAE04EC0-301F-11D3-BF4B-00C04F79EFBC}") = "Question3", "Question3\Question3.csproj", "{1C6DA793-2B2B-4103-A7FC-0D96D051AC51}"
EndProject
Project("{FAE04EC0-301F-11D3-BF4B-00C04F79EFBC}") = "Question8", "Question8\Question8.csproj", "{0F01D9D5-68C0-405F-BFF1-76162A1F7D9D}"
EndProject
Global
	GlobalSection(SolutionConfigurationPlatforms) = preSolution
		Debug|Any CPU = Debug|Any CPU
		Debug|ARM = Debug|ARM
		Debug|x64 = Debug|x64
		Debug|x86 = Debug|x86
		Release|Any CPU = Release|Any CPU
		Release|ARM = Release|ARM
		Release|x64 = Release|x64
		Release|x86 = Release|x86
	EndGlobalSection
	GlobalSection(ProjectConfigurationPlatforms) = postSolution
		{677F8A43-0881-4DFD-8CE1-8591B88758A8}.Debug|Any CPU.ActiveCfg = Debug|Any CPU
		{677F8A43-0881-4DFD-8CE1-8591B88758A8}.Debug|Any CPU.Build.0 = Debug|Any CPU
		{677F8A43-0881-4DFD-8CE1-8591B88758A8}.Debug|ARM.ActiveCfg = Debug|Any CPU
		{677F8A43-0881-4DFD-8CE1-8591B88758A8}.Debug|ARM.Build.0 = Debug|Any CPU
		{677F8A43-0881-4DFD-8CE1-8591B88758A8}.Debug|x64.ActiveCfg = Debug|Any CPU
		{677F8A43-0881-4DFD-8CE1-8591B88758A8}.Debug|x64.Build.0 = Debug|Any CPU
		{677F8A43-0881-4DFD-8CE1-8591B88758A8}.Debug|x86.ActiveCfg = Debug|Any CPU
		{677F8A43-0881-4DFD-8CE1-8591B88758A8}.Debug|x86.Build.0 = Debug|Any CPU
		{677F8A43-0881-4DFD-8CE1-8591B88758A8}.Release|Any CPU.ActiveCfg = Release|Any CPU
		{677F8A43-0881-4DFD-8CE1-8591B88758A8}.Release|Any CPU.Build.0 = Release|Any CPU
		{677F8A43-0881-4DFD-8CE1-8591B88758A8}.Release|ARM.ActiveCfg = Release|Any CPU
		{677F8A43-0881-4DFD-8CE1-8591B88758A8}.Release|ARM.Build.0 = Release|Any CPU
		{677F8A43-0881-4DFD-8CE1-8591B88758A8}.Release|x64.ActiveCfg = Release|Any CPU
		{677F8A43-0881-4DFD-8CE1-8591B88758A8}.Release|x64.Build.0 = Release|Any CPU
		{677F8A43-0881-4DFD-8CE1-8591B88758A8}.Release|x86.ActiveCfg = Release|Any CPU
		{677F8A43-0881-4DFD-8CE1-8591B88758A8}.Release|x86.Build.0 = Release|Any CPU
		{88F1A4EA-A389-46D4-9428-FA85247B27F3}.Debug|Any CPU.ActiveCfg = Debug|Any CPU
		{88F1A4EA-A389-46D4-9428-FA85247B27F3}.Debug|Any CPU.Build.0 = Debug|Any CPU
		{88F1A4EA-A389-46D4-9428-FA85247B27F3}.Debug|ARM.ActiveCfg = Debug|Any CPU
		{88F1A4EA-A389-46D4-9428-FA85247B27F3}.Debug|ARM.Build.0 = Debug|Any CPU
		{88F1A4EA-A389-46D4-9428-FA85247B27F3}.Debug|x64.ActiveCfg = Debug|Any CPU
		{88F1A4EA-A389-46D4-9428-FA85247B27F3}.Debug|x64.Build.0 = Debug|Any CPU
		{88F1A4EA-A389-46D4-9428-FA85247B27F3}.Debug|x86.ActiveCfg = Debug|Any CPU
		{88F1A4EA-A389-46D4-9428-FA85247B27F3}.Debug|x86.Build.0 = Debug|Any CPU
		{88F1A4EA-A389-46D4-9428-FA85247B27F3}.Release|Any CPU.ActiveCfg = Release|Any CPU
		{88F1A4EA-A389-46D4-9428-FA85247B27F3}.Release|Any CPU.Build.0 = Release|Any CPU
		{88F1A4EA-A389-46D4-9428-FA85247B27F3}.Release|ARM.ActiveCfg = Release|Any CPU
		{88F1A4EA-A389-46D4-9428-FA85247B27F3}.Release|ARM.Build.0 = Release|Any CPU
		{88F1A4EA-A389-46D4-9428-FA85247B27F3}.Release|x64.ActiveCfg = Release|Any CPU
		{88F1A4EA-A389-46D4-9428-FA85247B27F3}.Release|x64.Build.0 = Release|Any CPU
		{88F1A4EA-A389-46D4-9428-FA85247B27F3}.Release|x86.ActiveCfg = Release|Any CPU
		{88F1A4EA-A389-46D4-9428-FA85247B27F3}.Release|x86.Build.0 = Release|Any CPU
		{2F28EE64-40C1-40CD-81B2-9FB1F8D85AE6}.Debug|Any CPU.ActiveCfg = Debug|Any CPU
		{2F28EE64-40C1-40CD-81B2-9FB1F8D85AE6}.Debug|Any CPU.Build.0 = Debug|Any CPU
		{2F28EE64-40C1-40CD-81B2-9FB1F8D85AE6}.Debug|ARM.ActiveCfg = Debug|Any CPU
		{2F28EE64-40C1-40CD-81B2-9FB1F8D85AE6}.Debug|ARM.Build.0 = Debug|Any CPU
		{2F28EE64-40C1-40CD-81B2-9FB1F8D85AE6}.Debug|x64.ActiveCfg = Debug|Any CPU
		{2F28EE64-40C1-40CD-81B2-9FB1F8D85AE6}.Debug|x64.Build.0 = Debug|Any CPU
		{2F28EE64-40C1-40CD-81B2-9FB1F8D85AE6}.Debug|x86.ActiveCfg = Debug|Any CPU
		{2F28EE64-40C1-40CD-81B2-9FB1F8D85AE6}.Debug|x86.Build.0 = Debug|Any CPU
		{2F28EE64-40C1-40CD-81B2-9FB1F8D85AE6}.Release|Any CPU.ActiveCfg = Release|Any CPU
		{2F28EE64-40C1-40CD-81B2-9FB1F8D85AE6}.Release|Any CPU.Build.0 = Release|Any CPU
		{2F28EE64-40C1-40CD-81B2-9FB1F8D85AE6}.Release|ARM.ActiveCfg = Release|Any CPU
		{2F28EE64-40C1-40CD-81B2-9FB1F8D85AE6}.Release|ARM.Build.0 = Release|Any CPU
		{2F28EE64-40C1-40CD-81B2-9FB1F8D85AE6}.Release|x64.ActiveCfg = Release|Any CPU
		{2F28EE64-40C1-40CD-81B2-9FB1F8D85AE6}.Release|x64.Build.0 = Release|Any CPU
		{2F28EE64-40C1-40CD-81B2-9FB1F8D85AE6}.Release|x86.ActiveCfg = Release|Any CPU
		{2F28EE64-40C1-40CD-81B2-9FB1F8D85AE6}.Release|x86.Build.0 = Release|Any CPU
		{F2E5B928-9829-47EA-9AEF-33BB2D25365B}.Debug|Any CPU.ActiveCfg = Debug|Any CPU
		{F2E5B928-9829-47EA-9AEF-33BB2D25365B}.Debug|Any CPU.Build.0 = Debug|Any CPU
		{F2E5B928-9829-47EA-9AEF-33BB2D25365B}.Debug|ARM.ActiveCfg = Debug|Any CPU
		{F2E5B928-9829-47EA-9AEF-33BB2D25365B}.Debug|ARM.Build.0 = Debug|Any CPU
		{F2E5B928-9829-47EA-9AEF-33BB2D25365B}.Debug|x64.ActiveCfg = Debug|Any CPU
		{F2E5B928-9829-47EA-9AEF-33BB2D25365B}.Debug|x64.Build.0 = Debug|Any CPU
		{F2E5B928-9829-47EA-9AEF-33BB2D25365B}.Debug|x86.ActiveCfg = Debug|Any CPU
		{F2E5B928-9829-47EA-9AEF-33BB2D25365B}.Debug|x86.Build.0 = Debug|Any CPU
		{F2E5B928-9829-47EA-9AEF-33BB2D25365B}.Release|Any CPU.ActiveCfg = Release|Any CPU
		{F2E5B928-9829-47EA-9AEF-33BB2D25365B}.Release|Any CPU.Build.0 = Release|Any CPU
		{F2E5B928-9829-47EA-9AEF-33BB2D25365B}.Release|ARM.ActiveCfg = Release|Any CPU
		{F2E5B928-9829-47EA-9AEF-33BB2D25365B}.Release|ARM.Build.0 = Release|Any CPU
		{F2E5B928-9829-47EA-9AEF-33BB2D25365B}.Release|x64.ActiveCfg = Release|Any CPU
		{F2E5B928-9829-47EA-9AEF-33BB2D25365B}.Release|x64.Build.0 = Release|Any CPU
		{F2E5B928-9829-47EA-9AEF-33BB2D25365B}.Release|x86.ActiveCfg = Release|Any CPU
		{F2E5B928-9829-47EA-9AEF-33BB2D25365B}.Release|x86.Build.0 = Release|Any CPU
		{1C6DA793-2B2B-4103-A7FC-0D96D051AC51}.Debug|Any CPU.ActiveCfg = Debug|Any CPU
		{1C6DA793-2B2B-4103-A7FC-0D96D051AC51}.Debug|Any CPU.Build.0 = Debug|Any CPU
		{1C6DA793-2B2B-4103-A7FC-0D96D051AC51}.Debug|ARM.ActiveCfg = Debug|Any CPU
		{1C6DA793-2B2B-4103-A7FC-0D96D051AC51}.Debug|ARM.Build.0 = Debug|Any CPU
		{1C6DA793-2B2B-4103-A7FC-0D96D051AC51}.Debug|x64.ActiveCfg = Debug|Any CPU
		{1C6DA793-2B2B-4103-A7FC-0D96D051AC51}.Debug|x64.Build.0 = Debug|Any CPU
		{1C6DA793-2B2B-4103-A7FC-0D96D051AC51}.Debug|x86.ActiveCfg = Debug|Any CPU
		{1C6DA793-2B2B-4103-A7FC-0D96D051AC51}.Debug|x86.Build.0 = Debug|Any CPU
		{1C6DA793-2B2B-4103-A7FC-0D96D051AC51}.Release|Any CPU.ActiveCfg = Release|Any CPU
		{1C6DA793-2B2B-4103-A7FC-0D96D051AC51}.Release|Any CPU.Build.0 = Release|Any CPU
		{1C6DA793-2B2B-4103-A7FC-0D96D051AC51}.Release|ARM.ActiveCfg = Release|Any CPU
		{1C6DA793-2B2B-4103-A7FC-0D96D051AC51}.Release|ARM.Build.0 = Release|Any CPU
		{1C6DA793-2B2B-4103-A7FC-0D96D051AC51}.Release|x64.ActiveCfg = Release|Any CPU
		{1C6DA793-2B2B-4103-A7FC-0D96D051AC51}.Release|x64.Build.0 = Release|Any CPU
		{1C6DA793-2B2B-4103-A7FC-0D96D051AC51}.Release|x86.ActiveCfg = Release|Any CPU
		{1C6DA793-2B2B-4103-A7FC-0D96D051AC51}.Release|x86.Build.0 = Release|Any CPU
		{0F01D9D5-68C0-405F-BFF1-76162A1F7D9D}.Debug|Any CPU.ActiveCfg = Debug|Any CPU
		{0F01D9D5-68C0-405F-BFF1-76162A1F7D9D}.Debug|Any CPU.Build.0 = Debug|Any CPU
		{0F01D9D5-68C0-405F-BFF1-76162A1F7D9D}.Debug|ARM.ActiveCfg = Debug|Any CPU
		{0F01D9D5-68C0-405F-BFF1-76162A1F7D9D}.Debug|ARM.Build.0 = Debug|Any CPU
		{0F01D9D5-68C0-405F-BFF1-76162A1F7D9D}.Debug|x64.ActiveCfg = Debug|Any CPU
		{0F01D9D5-68C0-405F-BFF1-76162A1F7D9D}.Debug|x64.Build.0 = Debug|Any CPU
		{0F01D9D5-68C0-405F-BFF1-76162A1F7D9D}.Debug|x86.ActiveCfg = Debug|Any CPU
		{0F01D9D5-68C0-405F-BFF1-76162A1F7D9D}.Debug|x86.Build.0 = Debug|Any CPU
		{0F01D9D5-68C0-405F-BFF1-76162A1F7D9D}.Release|Any CPU.ActiveCfg = Release|Any CPU
		{0F01D9D5-68C0-405F-BFF1-76162A1F7D9D}.Release|Any CPU.Build.0 = Release|Any CPU
		{0F01D9D5-68C0-405F-BFF1-76162A1F7D9D}.Release|ARM.ActiveCfg = Release|Any CPU
		{0F01D9D5-68C0-405F-BFF1-76162A1F7D9D}.Release|ARM.Build.0 = Release|Any CPU
		{0F01D9D5-68C0-405F-BFF1-76162A1F7D9D}.Release|x64.ActiveCfg = Release|Any CPU
		{0F01D9D5-68C0-405F-BFF1-76162A1F7D9D}.Release|x64.Build.0 = Release|Any CPU
		{0F01D9D5-68C0-405F-BFF1-76162A1F7D9D}.Release|x86.ActiveCfg = Release|Any CPU
		{0F01D9D5-68C0-405F-BFF1-76162A1F7D9D}.Release|x86.Build.0 = Release|Any CPU
	EndGlobalSection
	GlobalSection(SolutionProperties) = preSolution
		HideSolutionNode = FALSE
	EndGlobalSection
EndGlobal
